
Microsoft Visual Studio Solution File, Format Version 12.00
# Visual Studio Version 17
VisualStudioVersion = 17.10.35122.118
MinimumVisualStudioVersion = 10.0.40219.1
Project("{9A19103F-16F7-4668-BE54-9A1E7A4F7556}") = "HospitalManagement.Web", "HospitalManagement.Web\HospitalManagement.Web.csproj", "{8B1BB2F7-B2DE-48DA-BF1D-C01A87A20926}"
EndProject
Project("{9A19103F-16F7-4668-BE54-9A1E7A4F7556}") = "HospitalManagement", "HospitalManagement\HospitalManagement.csproj", "{B4F2D4C9-D5F5-4029-B170-C62022441315}"
EndProject
Project("{00D1A9C2-B5F0-4AF3-8072-F6C62B433612}") = "HospitalManagement.Database", "HospitalManagement.Database\HospitalManagement.Database.sqlproj", "{D5EE84F2-60BF-49E3-B0BE-172682962E10}"
EndProject
Global
	GlobalSection(SolutionConfigurationPlatforms) = preSolution
		Debug|Any CPU = Debug|Any CPU
		Release|Any CPU = Release|Any CPU
	EndGlobalSection
	GlobalSection(ProjectConfigurationPlatforms) = postSolution
		{8B1BB2F7-B2DE-48DA-BF1D-C01A87A20926}.Debug|Any CPU.ActiveCfg = Debug|Any CPU
		{8B1BB2F7-B2DE-48DA-BF1D-C01A87A20926}.Debug|Any CPU.Build.0 = Debug|Any CPU
		{8B1BB2F7-B2DE-48DA-BF1D-C01A87A20926}.Release|Any CPU.ActiveCfg = Release|Any CPU
		{8B1BB2F7-B2DE-48DA-BF1D-C01A87A20926}.Release|Any CPU.Build.0 = Release|Any CPU
		{B4F2D4C9-D5F5-4029-B170-C62022441315}.Debug|Any CPU.ActiveCfg = Debug|Any CPU
		{B4F2D4C9-D5F5-4029-B170-C62022441315}.Debug|Any CPU.Build.0 = Debug|Any CPU
		{B4F2D4C9-D5F5-4029-B170-C62022441315}.Release|Any CPU.ActiveCfg = Release|Any CPU
		{B4F2D4C9-D5F5-4029-B170-C62022441315}.Release|Any CPU.Build.0 = Release|Any CPU
		{D5EE84F2-60BF-49E3-B0BE-172682962E10}.Debug|Any CPU.ActiveCfg = Debug|Any CPU
		{D5EE84F2-60BF-49E3-B0BE-172682962E10}.Debug|Any CPU.Build.0 = Debug|Any CPU
		{D5EE84F2-60BF-49E3-B0BE-172682962E10}.Debug|Any CPU.Deploy.0 = Debug|Any CPU
		{D5EE84F2-60BF-49E3-B0BE-172682962E10}.Release|Any CPU.ActiveCfg = Release|Any CPU
		{D5EE84F2-60BF-49E3-B0BE-172682962E10}.Release|Any CPU.Build.0 = Release|Any CPU
		{D5EE84F2-60BF-49E3-B0BE-172682962E10}.Release|Any CPU.Deploy.0 = Release|Any CPU
	EndGlobalSection
	GlobalSection(SolutionProperties) = preSolution
		HideSolutionNode = FALSE
	EndGlobalSection
	GlobalSection(ExtensibilityGlobals) = postSolution
		SolutionGuid = {C034433A-DA4C-415D-83B7-1D65ADEE7F08}
	EndGlobalSection
EndGlobal
