
Microsoft Visual Studio Solution File, Format Version 12.00
# Visual Studio Version 17
VisualStudioVersion = 17.10.35122.118
MinimumVisualStudioVersion = 10.0.40219.1
Project("{FAE04EC0-301F-11D3-BF4B-00C04F79EFBC}") = "HospitalManagement.Mvc", "HospitalManagement.Mvc.csproj", "{7EBEE4BC-A394-4120-B431-CB1D9BBA5B23}"
EndProject
Global
	GlobalSection(SolutionConfigurationPlatforms) = preSolution
		Debug|Any CPU = Debug|Any CPU
		Release|Any CPU = Release|Any CPU
	EndGlobalSection
	GlobalSection(ProjectConfigurationPlatforms) = postSolution
		{7EBEE4BC-A394-4120-B431-CB1D9BBA5B23}.Debug|Any CPU.ActiveCfg = Debug|Any CPU
		{7EBEE4BC-A394-4120-B431-CB1D9BBA5B23}.Debug|Any CPU.Build.0 = Debug|Any CPU
		{7EBEE4BC-A394-4120-B431-CB1D9BBA5B23}.Release|Any CPU.ActiveCfg = Release|Any CPU
		{7EBEE4BC-A394-4120-B431-CB1D9BBA5B23}.Release|Any CPU.Build.0 = Release|Any CPU
	EndGlobalSection
	GlobalSection(SolutionProperties) = preSolution
		HideSolutionNode = FALSE
	EndGlobalSection
	GlobalSection(ExtensibilityGlobals) = postSolution
		SolutionGuid = {C034433A-DA4C-415D-83B7-1D65ADEE7F08}
	EndGlobalSection
EndGlobal
